PODS:
  - Alamofire (4.8.0)
  - AlamofireSwiftyJSON (1.0.1):
    - Alamofire (~> 4.0)
    - SwiftyJSON (~> 4.0)
  - SwiftyJSON (4.2.0)

DEPENDENCIES:
  - AlamofireSwiftyJSON

SPEC REPOS:
  https://github.com/cocoapods/specs.git:
    - Alamofire
    - AlamofireSwiftyJSON
    - SwiftyJSON

SPEC CHECKSUMS:
  Alamofire: 3ec537f71edc9804815215393ae2b1a8ea33a844
  AlamofireSwiftyJSON: ad896b68b586aea5de8ddba641ad3b402b8d5511
  SwiftyJSON: c4bcba26dd9ec7a027fc8eade48e2c911f229e96

PODFILE CHECKSUM: e36e0341540f0584c2e1e665ca96c81f09d2dac0

COCOAPODS: 1.5.3
